
Microsoft Visual Studio Solution File, Format Version 12.00
# Visual Studio Version 17
VisualStudioVersion = 17.0.32014.148
MinimumVisualStudioVersion = 10.0.40219.1
Project("{2150E333-8FDC-42A3-9474-1A3956D46DE8}") = "01. Thread Class", "01. Thread Class", "{69964293-4E7B-4CBF-B35D-72177D269AC2}"
EndProject
Project("{FAE04EC0-301F-11D3-BF4B-00C04F79EFBC}") = "Thread-Class", "01. Thread Class\Thread-Class\Thread-Class.csproj", "{1BC561D6-84B9-450E-B1EE-70DCB7126610}"
EndProject
Project("{FAE04EC0-301F-11D3-BF4B-00C04F79EFBC}") = "Thread-Class-MultipleWays", "01. Thread Class\Thread-Class-MultipleWays\Thread-Class-MultipleWays.csproj", "{60311A4B-FBE6-42DD-B3EA-594137708C2D}"
EndProject
Project("{FAE04EC0-301F-11D3-BF4B-00C04F79EFBC}") = "Thread-Class-OtherClassMethod", "01. Thread Class\Thread-Class-OtherClassMethod\Thread-Class-OtherClassMethod.csproj", "{072A969A-CFCB-4493-8718-1BE8DB12FEF6}"
EndProject
Project("{2150E333-8FDC-42A3-9474-1A3956D46DE8}") = "02. Thread Class", "02. Thread Class", "{7CE89DEB-A55D-4334-A524-CD1A17E61CA6}"
EndProject
Project("{FAE04EC0-301F-11D3-BF4B-00C04F79EFBC}") = "Thread-Class-Parameter", "02. Thread Class\Thread-Class-Parameter\Thread-Class-Parameter.csproj", "{49043553-7D59-4B39-83CA-64E54E04F147}"
EndProject
Project("{FAE04EC0-301F-11D3-BF4B-00C04F79EFBC}") = "Thread-Class-BackgroundForeground", "02. Thread Class\Thread-Class-BackgroundForeground\Thread-Class-BackgroundForeground.csproj", "{B4EFDAE7-DBD3-477C-994B-A1712F18AC1D}"
EndProject
Project("{2150E333-8FDC-42A3-9474-1A3956D46DE8}") = "03. ThreadPool", "03. ThreadPool", "{385AEC7F-B3B3-485E-AA6F-F590FA7A226D}"
EndProject
Project("{FAE04EC0-301F-11D3-BF4B-00C04F79EFBC}") = "Thread-Class-ThreadPool", "03. ThreadPool\Thread-Class-ThreadPool\Thread-Class-ThreadPool.csproj", "{2FEB56A6-251B-420E-A871-14E34E3177FB}"
EndProject
Project("{2150E333-8FDC-42A3-9474-1A3956D46DE8}") = "04. Asynchronous Delegate", "04. Asynchronous Delegate", "{487174A4-999F-4A40-8F88-062B82916588}"
EndProject
Project("{FAE04EC0-301F-11D3-BF4B-00C04F79EFBC}") = "Thread-Class-Asynchronous-Delegate", "04. Asynchronous Delegate\Thread-Class-Asynchronous-Delegate\Thread-Class-Asynchronous-Delegate.csproj", "{14EC7F9D-BA1A-4AAC-9708-8C46D53604DC}"
EndProject
Project("{2150E333-8FDC-42A3-9474-1A3956D46DE8}") = "05. BackgroundWorker", "05. BackgroundWorker", "{3352FC52-7E73-4AC9-809C-1A95E588A0E5}"
EndProject
Project("{FAE04EC0-301F-11D3-BF4B-00C04F79EFBC}") = "Thread-Class-BackgroundWorker-Console", "05. BackgroundWorker\Thread-Class-BackgroundWorker-Console\Thread-Class-BackgroundWorker-Console.csproj", "{A1541043-6954-4B0B-B489-A86BFFBCF2A1}"
EndProject
Project("{FAE04EC0-301F-11D3-BF4B-00C04F79EFBC}") = "Thread-Class-BackgroundWorker-Winform", "05. BackgroundWorker\Thread-Class-BackgroundWorker-Winform\Thread-Class-BackgroundWorker-Winform.csproj", "{06FF29F5-DB6C-44EC-99E6-9EBD240D771E}"
EndProject
Project("{2150E333-8FDC-42A3-9474-1A3956D46DE8}") = "06. Task Class", "06. Task Class", "{1AFDF0A9-030F-40BD-B7BD-DB22FBC9FADC}"
EndProject
Project("{FAE04EC0-301F-11D3-BF4B-00C04F79EFBC}") = "Thread-Class-Task-Factory-StartNew", "06. Task Class\Thread-Class-Task-Factory-StartNew\Thread-Class-Task-Factory-StartNew.csproj", "{8624EB78-830B-4232-96AB-8EDA87995DC2}"
EndProject
Project("{FAE04EC0-301F-11D3-BF4B-00C04F79EFBC}") = "Thread-Class-Task-Start-Wait", "06. Task Class\Thread-Class-Task-Start-Wait\Thread-Class-Task-Start-Wait.csproj", "{E11006DB-9AC8-460F-83B1-63E1284795DD}"
EndProject
Project("{2150E333-8FDC-42A3-9474-1A3956D46DE8}") = "07. Task Of T Class", "07. Task Of T Class", "{A3AFD4D9-83A7-4C23-90CC-F63A5B2E4517}"
EndProject
Project("{FAE04EC0-301F-11D3-BF4B-00C04F79EFBC}") = "Thread-Class-Task-Of-T", "07. Task Of T Class\Thread-Class-Task-Of-T\Thread-Class-Task-Of-T.csproj", "{ED8FD090-2E5E-458D-B082-C62BAB2F853A}"
EndProject
Project("{FAE04EC0-301F-11D3-BF4B-00C04F79EFBC}") = "Thread-Class-Task-Of-T-Cancel", "07. Task Of T Class\Thread-Class-Task-Of-T-Cancel\Thread-Class-Task-Of-T-Cancel.csproj", "{AE4495A2-E627-44FB-9BD6-77F6B5942E0E}"
EndProject
Project("{2150E333-8FDC-42A3-9474-1A3956D46DE8}") = "08. Parallel Class", "08. Parallel Class", "{B27274AD-DB42-48FF-8D03-5DE835859AD0}"
EndProject
Project("{FAE04EC0-301F-11D3-BF4B-00C04F79EFBC}") = "Thread-Class-Data-Parallelism", "08. Parallel Class\Thread-Class-Data-Parallelism\Thread-Class-Data-Parallelism.csproj", "{46304927-2FDE-4DDD-A39D-B2ED26924A1B}"
EndProject
Project("{FAE04EC0-301F-11D3-BF4B-00C04F79EFBC}") = "Thread-Class-Caesar-Cipher", "08. Parallel Class\Thread-Class-Caesar-Cipher\Thread-Class-Caesar-Cipher.csproj", "{B9F74B0E-ABD1-40B2-957E-C139BEEDCCC2}"
EndProject
Project("{FAE04EC0-301F-11D3-BF4B-00C04F79EFBC}") = "Thread-Class-Invoke", "08. Parallel Class\Thread-Class-Invoke\Thread-Class-Invoke.csproj", "{1B9BE217-7B84-4EE2-9371-56540977B6C2}"
EndProject
Project("{2150E333-8FDC-42A3-9474-1A3956D46DE8}") = "09. Await", "09. Await", "{153FA572-3B78-4DE7-9EB7-FA2BE4C1047D}"
EndProject
Project("{FAE04EC0-301F-11D3-BF4B-00C04F79EFBC}") = "Thread-Class-Await", "09. Await\Thread-Class-Await\Thread-Class-Await.csproj", "{F598AC66-DEA4-49C2-BA37-75A4FADAD49E}"
EndProject
Project("{2150E333-8FDC-42A3-9474-1A3956D46DE8}") = "10. Timer", "10. Timer", "{27525887-0F34-4B90-896F-964309BB156A}"
EndProject
Project("{FAE04EC0-301F-11D3-BF4B-00C04F79EFBC}") = "Thread-Class-Timer-MultiThreading", "10. Timer\Thread-Class-Timer\Thread-Class-Timer-MultiThreading.csproj", "{DE942107-8132-4848-B4CC-537AB3B0E215}"
EndProject
Project("{FAE04EC0-301F-11D3-BF4B-00C04F79EFBC}") = "Thread-Class-Timer-SingleThreading", "10. Timer\Thread-Class-Timer-SingleThreading\Thread-Class-Timer-SingleThreading.csproj", "{3C297BA6-B0CD-453F-9C55-46C52D6F461E}"
EndProject
Global
	GlobalSection(SolutionConfigurationPlatforms) = preSolution
		Debug|Any CPU = Debug|Any CPU
		Release|Any CPU = Release|Any CPU
	EndGlobalSection
	GlobalSection(ProjectConfigurationPlatforms) = postSolution
		{1BC561D6-84B9-450E-B1EE-70DCB7126610}.Debug|Any CPU.ActiveCfg = Debug|Any CPU
		{1BC561D6-84B9-450E-B1EE-70DCB7126610}.Debug|Any CPU.Build.0 = Debug|Any CPU
		{1BC561D6-84B9-450E-B1EE-70DCB7126610}.Release|Any CPU.ActiveCfg = Release|Any CPU
		{1BC561D6-84B9-450E-B1EE-70DCB7126610}.Release|Any CPU.Build.0 = Release|Any CPU
		{60311A4B-FBE6-42DD-B3EA-594137708C2D}.Debug|Any CPU.ActiveCfg = Debug|Any CPU
		{60311A4B-FBE6-42DD-B3EA-594137708C2D}.Debug|Any CPU.Build.0 = Debug|Any CPU
		{60311A4B-FBE6-42DD-B3EA-594137708C2D}.Release|Any CPU.ActiveCfg = Release|Any CPU
		{60311A4B-FBE6-42DD-B3EA-594137708C2D}.Release|Any CPU.Build.0 = Release|Any CPU
		{072A969A-CFCB-4493-8718-1BE8DB12FEF6}.Debug|Any CPU.ActiveCfg = Debug|Any CPU
		{072A969A-CFCB-4493-8718-1BE8DB12FEF6}.Debug|Any CPU.Build.0 = Debug|Any CPU
		{072A969A-CFCB-4493-8718-1BE8DB12FEF6}.Release|Any CPU.ActiveCfg = Release|Any CPU
		{072A969A-CFCB-4493-8718-1BE8DB12FEF6}.Release|Any CPU.Build.0 = Release|Any CPU
		{49043553-7D59-4B39-83CA-64E54E04F147}.Debug|Any CPU.ActiveCfg = Debug|Any CPU
		{49043553-7D59-4B39-83CA-64E54E04F147}.Debug|Any CPU.Build.0 = Debug|Any CPU
		{49043553-7D59-4B39-83CA-64E54E04F147}.Release|Any CPU.ActiveCfg = Release|Any CPU
		{49043553-7D59-4B39-83CA-64E54E04F147}.Release|Any CPU.Build.0 = Release|Any CPU
		{B4EFDAE7-DBD3-477C-994B-A1712F18AC1D}.Debug|Any CPU.ActiveCfg = Debug|Any CPU
		{B4EFDAE7-DBD3-477C-994B-A1712F18AC1D}.Debug|Any CPU.Build.0 = Debug|Any CPU
		{B4EFDAE7-DBD3-477C-994B-A1712F18AC1D}.Release|Any CPU.ActiveCfg = Release|Any CPU
		{B4EFDAE7-DBD3-477C-994B-A1712F18AC1D}.Release|Any CPU.Build.0 = Release|Any CPU
		{2FEB56A6-251B-420E-A871-14E34E3177FB}.Debug|Any CPU.ActiveCfg = Debug|Any CPU
		{2FEB56A6-251B-420E-A871-14E34E3177FB}.Debug|Any CPU.Build.0 = Debug|Any CPU
		{2FEB56A6-251B-420E-A871-14E34E3177FB}.Release|Any CPU.ActiveCfg = Release|Any CPU
		{2FEB56A6-251B-420E-A871-14E34E3177FB}.Release|Any CPU.Build.0 = Release|Any CPU
		{14EC7F9D-BA1A-4AAC-9708-8C46D53604DC}.Debug|Any CPU.ActiveCfg = Debug|Any CPU
		{14EC7F9D-BA1A-4AAC-9708-8C46D53604DC}.Debug|Any CPU.Build.0 = Debug|Any CPU
		{14EC7F9D-BA1A-4AAC-9708-8C46D53604DC}.Release|Any CPU.ActiveCfg = Release|Any CPU
		{14EC7F9D-BA1A-4AAC-9708-8C46D53604DC}.Release|Any CPU.Build.0 = Release|Any CPU
		{A1541043-6954-4B0B-B489-A86BFFBCF2A1}.Debug|Any CPU.ActiveCfg = Debug|Any CPU
		{A1541043-6954-4B0B-B489-A86BFFBCF2A1}.Debug|Any CPU.Build.0 = Debug|Any CPU
		{A1541043-6954-4B0B-B489-A86BFFBCF2A1}.Release|Any CPU.ActiveCfg = Release|Any CPU
		{A1541043-6954-4B0B-B489-A86BFFBCF2A1}.Release|Any CPU.Build.0 = Release|Any CPU
		{06FF29F5-DB6C-44EC-99E6-9EBD240D771E}.Debug|Any CPU.ActiveCfg = Debug|Any CPU
		{06FF29F5-DB6C-44EC-99E6-9EBD240D771E}.Debug|Any CPU.Build.0 = Debug|Any CPU
		{06FF29F5-DB6C-44EC-99E6-9EBD240D771E}.Release|Any CPU.ActiveCfg = Release|Any CPU
		{06FF29F5-DB6C-44EC-99E6-9EBD240D771E}.Release|Any CPU.Build.0 = Release|Any CPU
		{8624EB78-830B-4232-96AB-8EDA87995DC2}.Debug|Any CPU.ActiveCfg = Debug|Any CPU
		{8624EB78-830B-4232-96AB-8EDA87995DC2}.Debug|Any CPU.Build.0 = Debug|Any CPU
		{8624EB78-830B-4232-96AB-8EDA87995DC2}.Release|Any CPU.ActiveCfg = Release|Any CPU
		{8624EB78-830B-4232-96AB-8EDA87995DC2}.Release|Any CPU.Build.0 = Release|Any CPU
		{E11006DB-9AC8-460F-83B1-63E1284795DD}.Debug|Any CPU.ActiveCfg = Debug|Any CPU
		{E11006DB-9AC8-460F-83B1-63E1284795DD}.Debug|Any CPU.Build.0 = Debug|Any CPU
		{E11006DB-9AC8-460F-83B1-63E1284795DD}.Release|Any CPU.ActiveCfg = Release|Any CPU
		{E11006DB-9AC8-460F-83B1-63E1284795DD}.Release|Any CPU.Build.0 = Release|Any CPU
		{ED8FD090-2E5E-458D-B082-C62BAB2F853A}.Debug|Any CPU.ActiveCfg = Debug|Any CPU
		{ED8FD090-2E5E-458D-B082-C62BAB2F853A}.Debug|Any CPU.Build.0 = Debug|Any CPU
		{ED8FD090-2E5E-458D-B082-C62BAB2F853A}.Release|Any CPU.ActiveCfg = Release|Any CPU
		{ED8FD090-2E5E-458D-B082-C62BAB2F853A}.Release|Any CPU.Build.0 = Release|Any CPU
		{AE4495A2-E627-44FB-9BD6-77F6B5942E0E}.Debug|Any CPU.ActiveCfg = Debug|Any CPU
		{AE4495A2-E627-44FB-9BD6-77F6B5942E0E}.Debug|Any CPU.Build.0 = Debug|Any CPU
		{AE4495A2-E627-44FB-9BD6-77F6B5942E0E}.Release|Any CPU.ActiveCfg = Release|Any CPU
		{AE4495A2-E627-44FB-9BD6-77F6B5942E0E}.Release|Any CPU.Build.0 = Release|Any CPU
		{46304927-2FDE-4DDD-A39D-B2ED26924A1B}.Debug|Any CPU.ActiveCfg = Debug|Any CPU
		{46304927-2FDE-4DDD-A39D-B2ED26924A1B}.Debug|Any CPU.Build.0 = Debug|Any CPU
		{46304927-2FDE-4DDD-A39D-B2ED26924A1B}.Release|Any CPU.ActiveCfg = Release|Any CPU
		{46304927-2FDE-4DDD-A39D-B2ED26924A1B}.Release|Any CPU.Build.0 = Release|Any CPU
		{B9F74B0E-ABD1-40B2-957E-C139BEEDCCC2}.Debug|Any CPU.ActiveCfg = Debug|Any CPU
		{B9F74B0E-ABD1-40B2-957E-C139BEEDCCC2}.Debug|Any CPU.Build.0 = Debug|Any CPU
		{B9F74B0E-ABD1-40B2-957E-C139BEEDCCC2}.Release|Any CPU.ActiveCfg = Release|Any CPU
		{B9F74B0E-ABD1-40B2-957E-C139BEEDCCC2}.Release|Any CPU.Build.0 = Release|Any CPU
		{1B9BE217-7B84-4EE2-9371-56540977B6C2}.Debug|Any CPU.ActiveCfg = Debug|Any CPU
		{1B9BE217-7B84-4EE2-9371-56540977B6C2}.Debug|Any CPU.Build.0 = Debug|Any CPU
		{1B9BE217-7B84-4EE2-9371-56540977B6C2}.Release|Any CPU.ActiveCfg = Release|Any CPU
		{1B9BE217-7B84-4EE2-9371-56540977B6C2}.Release|Any CPU.Build.0 = Release|Any CPU
		{F598AC66-DEA4-49C2-BA37-75A4FADAD49E}.Debug|Any CPU.ActiveCfg = Debug|Any CPU
		{F598AC66-DEA4-49C2-BA37-75A4FADAD49E}.Debug|Any CPU.Build.0 = Debug|Any CPU
		{F598AC66-DEA4-49C2-BA37-75A4FADAD49E}.Release|Any CPU.ActiveCfg = Release|Any CPU
		{F598AC66-DEA4-49C2-BA37-75A4FADAD49E}.Release|Any CPU.Build.0 = Release|Any CPU
		{DE942107-8132-4848-B4CC-537AB3B0E215}.Debug|Any CPU.ActiveCfg = Debug|Any CPU
		{DE942107-8132-4848-B4CC-537AB3B0E215}.Debug|Any CPU.Build.0 = Debug|Any CPU
		{DE942107-8132-4848-B4CC-537AB3B0E215}.Release|Any CPU.ActiveCfg = Release|Any CPU
		{DE942107-8132-4848-B4CC-537AB3B0E215}.Release|Any CPU.Build.0 = Release|Any CPU
		{3C297BA6-B0CD-453F-9C55-46C52D6F461E}.Debug|Any CPU.ActiveCfg = Debug|Any CPU
		{3C297BA6-B0CD-453F-9C55-46C52D6F461E}.Debug|Any CPU.Build.0 = Debug|Any CPU
		{3C297BA6-B0CD-453F-9C55-46C52D6F461E}.Release|Any CPU.ActiveCfg = Release|Any CPU
		{3C297BA6-B0CD-453F-9C55-46C52D6F461E}.Release|Any CPU.Build.0 = Release|Any CPU
	EndGlobalSection
	GlobalSection(SolutionProperties) = preSolution
		HideSolutionNode = FALSE
	EndGlobalSection
	GlobalSection(NestedProjects) = preSolution
		{1BC561D6-84B9-450E-B1EE-70DCB7126610} = {69964293-4E7B-4CBF-B35D-72177D269AC2}
		{60311A4B-FBE6-42DD-B3EA-594137708C2D} = {69964293-4E7B-4CBF-B35D-72177D269AC2}
		{072A969A-CFCB-4493-8718-1BE8DB12FEF6} = {69964293-4E7B-4CBF-B35D-72177D269AC2}
		{49043553-7D59-4B39-83CA-64E54E04F147} = {7CE89DEB-A55D-4334-A524-CD1A17E61CA6}
		{B4EFDAE7-DBD3-477C-994B-A1712F18AC1D} = {7CE89DEB-A55D-4334-A524-CD1A17E61CA6}
		{2FEB56A6-251B-420E-A871-14E34E3177FB} = {385AEC7F-B3B3-485E-AA6F-F590FA7A226D}
		{14EC7F9D-BA1A-4AAC-9708-8C46D53604DC} = {487174A4-999F-4A40-8F88-062B82916588}
		{A1541043-6954-4B0B-B489-A86BFFBCF2A1} = {3352FC52-7E73-4AC9-809C-1A95E588A0E5}
		{06FF29F5-DB6C-44EC-99E6-9EBD240D771E} = {3352FC52-7E73-4AC9-809C-1A95E588A0E5}
		{8624EB78-830B-4232-96AB-8EDA87995DC2} = {1AFDF0A9-030F-40BD-B7BD-DB22FBC9FADC}
		{E11006DB-9AC8-460F-83B1-63E1284795DD} = {1AFDF0A9-030F-40BD-B7BD-DB22FBC9FADC}
		{ED8FD090-2E5E-458D-B082-C62BAB2F853A} = {A3AFD4D9-83A7-4C23-90CC-F63A5B2E4517}
		{AE4495A2-E627-44FB-9BD6-77F6B5942E0E} = {A3AFD4D9-83A7-4C23-90CC-F63A5B2E4517}
		{46304927-2FDE-4DDD-A39D-B2ED26924A1B} = {B27274AD-DB42-48FF-8D03-5DE835859AD0}
		{B9F74B0E-ABD1-40B2-957E-C139BEEDCCC2} = {B27274AD-DB42-48FF-8D03-5DE835859AD0}
		{1B9BE217-7B84-4EE2-9371-56540977B6C2} = {B27274AD-DB42-48FF-8D03-5DE835859AD0}
		{F598AC66-DEA4-49C2-BA37-75A4FADAD49E} = {153FA572-3B78-4DE7-9EB7-FA2BE4C1047D}
		{DE942107-8132-4848-B4CC-537AB3B0E215} = {27525887-0F34-4B90-896F-964309BB156A}
		{3C297BA6-B0CD-453F-9C55-46C52D6F461E} = {27525887-0F34-4B90-896F-964309BB156A}
	EndGlobalSection
	GlobalSection(ExtensibilityGlobals) = postSolution
		SolutionGuid = {A07B3154-83F2-42CA-9144-C99231B8B33F}
	EndGlobalSection
EndGlobal
